
Microsoft Visual Studio Solution File, Format Version 12.00
# Visual Studio Version 17
VisualStudioVersion = 17.0.31903.59
MinimumVisualStudioVersion = 10.0.40219.1
Project("{FAE04EC0-301F-11D3-BF4B-00C04F79EFBC}") = "VOICE.Configuration", "VOICE.Configuration\VOICE.Configuration.csproj", "{BE43BB81-05E8-4BCD-959F-A5DA63C1B28D}"
EndProject
Project("{FAE04EC0-301F-11D3-BF4B-00C04F79EFBC}") = "VOICE.Services", "VOICE.Services\VOICE.Services.csproj", "{88A4E85F-A7A6-44B1-93C9-23E371534EBD}"
EndProject
Project("{FAE04EC0-301F-11D3-BF4B-00C04F79EFBC}") = "VOICE.AiFunctionApp", "VOICE.AiFunctionApp\VOICE.AiFunctionApp.csproj", "{EF665077-DA5D-4979-B3AF-F8992A500C6E}"
EndProject
Project("{FAE04EC0-301F-11D3-BF4B-00C04F79EFBC}") = "VOICE.Models", "VOICE.Models\VOICE.Models.csproj", "{9A19103F-16F7-4668-BE54-9A1E7A4F7556}"
EndProject
Global
	GlobalSection(SolutionConfigurationPlatforms) = preSolution
		Debug|Any CPU = Debug|Any CPU
		Release|Any CPU = Release|Any CPU
	EndGlobalSection
	GlobalSection(SolutionProperties) = preSolution
		HideSolutionNode = FALSE
	EndGlobalSection
	GlobalSection(ProjectConfigurationPlatforms) = postSolution
		{BE43BB81-05E8-4BCD-959F-A5DA63C1B28D}.Debug|Any CPU.ActiveCfg = Debug|Any CPU
		{BE43BB81-05E8-4BCD-959F-A5DA63C1B28D}.Debug|Any CPU.Build.0 = Debug|Any CPU
		{BE43BB81-05E8-4BCD-959F-A5DA63C1B28D}.Release|Any CPU.ActiveCfg = Release|Any CPU
		{BE43BB81-05E8-4BCD-959F-A5DA63C1B28D}.Release|Any CPU.Build.0 = Release|Any CPU
		{88A4E85F-A7A6-44B1-93C9-23E371534EBD}.Debug|Any CPU.ActiveCfg = Debug|Any CPU
		{88A4E85F-A7A6-44B1-93C9-23E371534EBD}.Debug|Any CPU.Build.0 = Debug|Any CPU
		{88A4E85F-A7A6-44B1-93C9-23E371534EBD}.Release|Any CPU.ActiveCfg = Release|Any CPU
		{88A4E85F-A7A6-44B1-93C9-23E371534EBD}.Release|Any CPU.Build.0 = Release|Any CPU
		{EF665077-DA5D-4979-B3AF-F8992A500C6E}.Debug|Any CPU.ActiveCfg = Debug|Any CPU
		{EF665077-DA5D-4979-B3AF-F8992A500C6E}.Debug|Any CPU.Build.0 = Debug|Any CPU
		{EF665077-DA5D-4979-B3AF-F8992A500C6E}.Release|Any CPU.ActiveCfg = Release|Any CPU
		{EF665077-DA5D-4979-B3AF-F8992A500C6E}.Release|Any CPU.Build.0 = Release|Any CPU
		{9A19103F-16F7-4668-BE54-9A1E7A4F7556}.Debug|Any CPU.ActiveCfg = Debug|Any CPU
		{9A19103F-16F7-4668-BE54-9A1E7A4F7556}.Debug|Any CPU.Build.0 = Debug|Any CPU
		{9A19103F-16F7-4668-BE54-9A1E7A4F7556}.Release|Any CPU.ActiveCfg = Release|Any CPU
		{9A19103F-16F7-4668-BE54-9A1E7A4F7556}.Release|Any CPU.Build.0 = Release|Any CPU
	EndGlobalSection
EndGlobal
